
Microsoft Visual Studio Solution File, Format Version 12.00
# Visual Studio Version 17
VisualStudioVersion = 17.0.31903.59
MinimumVisualStudioVersion = 10.0.40219.1
Project("{2150E333-8FDC-42A3-9474-1A3956D46DE8}") = "src", "src", "{8C64179B-A0F8-4B92-A117-E41D57A8C1F4}"
EndProject
Project("{FAE04EC0-301F-11D3-BF4B-00C04F79EFBC}") = "Sacc.Api", "src\Sacc.Api\Sacc.Api.csproj", "{FF00633D-A675-422F-A7ED-A2655FBB7024}"
EndProject
Project("{2150E333-8FDC-42A3-9474-1A3956D46DE8}") = "tests", "tests", "{DC290B0E-1968-46FA-91AB-FB63D09051B9}"
EndProject
Project("{FAE04EC0-301F-11D3-BF4B-00C04F79EFBC}") = "Sacc.Api.Tests", "tests\Sacc.Api.Tests\Sacc.Api.Tests.csproj", "{65BE8E9B-4173-4B0E-8128-FF4C526952C6}"
EndProject
Global
	GlobalSection(SolutionConfigurationPlatforms) = preSolution
		Debug|Any CPU = Debug|Any CPU
		Release|Any CPU = Release|Any CPU
	EndGlobalSection
	GlobalSection(SolutionProperties) = preSolution
		HideSolutionNode = FALSE
	EndGlobalSection
	GlobalSection(ProjectConfigurationPlatforms) = postSolution
		{FF00633D-A675-422F-A7ED-A2655FBB7024}.Debug|Any CPU.ActiveCfg = Debug|Any CPU
		{FF00633D-A675-422F-A7ED-A2655FBB7024}.Debug|Any CPU.Build.0 = Debug|Any CPU
		{FF00633D-A675-422F-A7ED-A2655FBB7024}.Release|Any CPU.ActiveCfg = Release|Any CPU
		{FF00633D-A675-422F-A7ED-A2655FBB7024}.Release|Any CPU.Build.0 = Release|Any CPU
		{65BE8E9B-4173-4B0E-8128-FF4C526952C6}.Debug|Any CPU.ActiveCfg = Debug|Any CPU
		{65BE8E9B-4173-4B0E-8128-FF4C526952C6}.Debug|Any CPU.Build.0 = Debug|Any CPU
		{65BE8E9B-4173-4B0E-8128-FF4C526952C6}.Release|Any CPU.ActiveCfg = Release|Any CPU
		{65BE8E9B-4173-4B0E-8128-FF4C526952C6}.Release|Any CPU.Build.0 = Release|Any CPU
	EndGlobalSection
	GlobalSection(NestedProjects) = preSolution
		{FF00633D-A675-422F-A7ED-A2655FBB7024} = {8C64179B-A0F8-4B92-A117-E41D57A8C1F4}
		{65BE8E9B-4173-4B0E-8128-FF4C526952C6} = {DC290B0E-1968-46FA-91AB-FB63D09051B9}
	EndGlobalSection
EndGlobal
